
Microsoft Visual Studio Solution File, Format Version 12.00
# Visual Studio Version 16
VisualStudioVersion = 16.0.30907.101
MinimumVisualStudioVersion = 10.0.40219.1
Project("{FAE04EC0-301F-11D3-BF4B-00C04F79EFBC}") = "ScanLatestTransactions", "ScanLatestTransactions\ScanLatestTransactions.csproj", "{327E3D87-162D-4E40-B862-0625761062D5}"
EndProject
Global
	GlobalSection(SolutionConfigurationPlatforms) = preSolution
		Debug|Any CPU = Debug|Any CPU
		Release|Any CPU = Release|Any CPU
	EndGlobalSection
	GlobalSection(ProjectConfigurationPlatforms) = postSolution
		{327E3D87-162D-4E40-B862-0625761062D5}.Debug|Any CPU.ActiveCfg = Debug|Any CPU
		{327E3D87-162D-4E40-B862-0625761062D5}.Debug|Any CPU.Build.0 = Debug|Any CPU
		{327E3D87-162D-4E40-B862-0625761062D5}.Release|Any CPU.ActiveCfg = Release|Any CPU
		{327E3D87-162D-4E40-B862-0625761062D5}.Release|Any CPU.Build.0 = Release|Any CPU
	EndGlobalSection
	GlobalSection(SolutionProperties) = preSolution
		HideSolutionNode = FALSE
	EndGlobalSection
	GlobalSection(ExtensibilityGlobals) = postSolution
		SolutionGuid = {1DBBF500-AC78-49B8-8B56-7DD0F8921BC1}
	EndGlobalSection
EndGlobal
