
Microsoft Visual Studio Solution File, Format Version 12.00
# Visual Studio Version 16
VisualStudioVersion = 16.0.30907.101
MinimumVisualStudioVersion = 10.0.40219.1
Project("{9A19103F-16F7-4668-BE54-9A1E7A4F7556}") = "CS.DB.Cosmos", "CS.DB.Cosmos\CS.DB.Cosmos.csproj", "{244CC2BC-5FEE-4147-8391-79054715D801}"
EndProject
Project("{9A19103F-16F7-4668-BE54-9A1E7A4F7556}") = "CS.Models", "CS.Models\CS.Models.csproj", "{A9D1B396-EEAE-44A1-BE83-93F10EE871A3}"
EndProject
Project("{9A19103F-16F7-4668-BE54-9A1E7A4F7556}") = "CS.ScanForTxs", "CS.ScanForTxs\CS.ScanForTxs.csproj", "{78C8DFE1-0D3A-40BA-AC76-4F205CA703E7}"
EndProject
Project("{FAE04EC0-301F-11D3-BF4B-00C04F79EFBC}") = "CS.MintAndRefund", "CS.MintAndRefund\CS.MintAndRefund.csproj", "{CC0BCEAC-1F5A-448F-934E-7F69E3784019}"
EndProject
Project("{9A19103F-16F7-4668-BE54-9A1E7A4F7556}") = "Csharp.CardanoCLI", "Csharp.CardanoCLI\Csharp.CardanoCLI.csproj", "{FA74FFA8-21F9-4E76-B070-EE77627FD595}"
EndProject
Global
	GlobalSection(SolutionConfigurationPlatforms) = preSolution
		Debug|Any CPU = Debug|Any CPU
		Release|Any CPU = Release|Any CPU
	EndGlobalSection
	GlobalSection(ProjectConfigurationPlatforms) = postSolution
		{244CC2BC-5FEE-4147-8391-79054715D801}.Debug|Any CPU.ActiveCfg = Debug|Any CPU
		{244CC2BC-5FEE-4147-8391-79054715D801}.Debug|Any CPU.Build.0 = Debug|Any CPU
		{244CC2BC-5FEE-4147-8391-79054715D801}.Release|Any CPU.ActiveCfg = Release|Any CPU
		{244CC2BC-5FEE-4147-8391-79054715D801}.Release|Any CPU.Build.0 = Release|Any CPU
		{A9D1B396-EEAE-44A1-BE83-93F10EE871A3}.Debug|Any CPU.ActiveCfg = Debug|Any CPU
		{A9D1B396-EEAE-44A1-BE83-93F10EE871A3}.Debug|Any CPU.Build.0 = Debug|Any CPU
		{A9D1B396-EEAE-44A1-BE83-93F10EE871A3}.Release|Any CPU.ActiveCfg = Release|Any CPU
		{A9D1B396-EEAE-44A1-BE83-93F10EE871A3}.Release|Any CPU.Build.0 = Release|Any CPU
		{78C8DFE1-0D3A-40BA-AC76-4F205CA703E7}.Debug|Any CPU.ActiveCfg = Debug|Any CPU
		{78C8DFE1-0D3A-40BA-AC76-4F205CA703E7}.Debug|Any CPU.Build.0 = Debug|Any CPU
		{78C8DFE1-0D3A-40BA-AC76-4F205CA703E7}.Release|Any CPU.ActiveCfg = Release|Any CPU
		{78C8DFE1-0D3A-40BA-AC76-4F205CA703E7}.Release|Any CPU.Build.0 = Release|Any CPU
		{CC0BCEAC-1F5A-448F-934E-7F69E3784019}.Debug|Any CPU.ActiveCfg = Debug|Any CPU
		{CC0BCEAC-1F5A-448F-934E-7F69E3784019}.Debug|Any CPU.Build.0 = Debug|Any CPU
		{CC0BCEAC-1F5A-448F-934E-7F69E3784019}.Release|Any CPU.ActiveCfg = Release|Any CPU
		{CC0BCEAC-1F5A-448F-934E-7F69E3784019}.Release|Any CPU.Build.0 = Release|Any CPU
		{FA74FFA8-21F9-4E76-B070-EE77627FD595}.Debug|Any CPU.ActiveCfg = Debug|Any CPU
		{FA74FFA8-21F9-4E76-B070-EE77627FD595}.Debug|Any CPU.Build.0 = Debug|Any CPU
		{FA74FFA8-21F9-4E76-B070-EE77627FD595}.Release|Any CPU.ActiveCfg = Release|Any CPU
		{FA74FFA8-21F9-4E76-B070-EE77627FD595}.Release|Any CPU.Build.0 = Release|Any CPU
	EndGlobalSection
	GlobalSection(SolutionProperties) = preSolution
		HideSolutionNode = FALSE
	EndGlobalSection
	GlobalSection(ExtensibilityGlobals) = postSolution
		SolutionGuid = {C0557A42-3993-42E1-A5F5-7222BADCE859}
	EndGlobalSection
EndGlobal
